
Microsoft Visual Studio Solution File, Format Version 12.00
# Visual Studio Version 17
VisualStudioVersion = 17.0.31919.166
MinimumVisualStudioVersion = 10.0.40219.1
Project("{FAE04EC0-301F-11D3-BF4B-00C04F79EFBC}") = "ClothProject", "ClothProject\ClothProject.csproj", "{C350AB9A-864E-4065-81F2-FB6D0C33694A}"
EndProject
Global
	GlobalSection(SolutionConfigurationPlatforms) = preSolution
		Debug|Any CPU = Debug|Any CPU
		Release|Any CPU = Release|Any CPU
	EndGlobalSection
	GlobalSection(ProjectConfigurationPlatforms) = postSolution
		{C350AB9A-864E-4065-81F2-FB6D0C33694A}.Debug|Any CPU.ActiveCfg = Debug|Any CPU
		{C350AB9A-864E-4065-81F2-FB6D0C33694A}.Debug|Any CPU.Build.0 = Debug|Any CPU
		{C350AB9A-864E-4065-81F2-FB6D0C33694A}.Release|Any CPU.ActiveCfg = Release|Any CPU
		{C350AB9A-864E-4065-81F2-FB6D0C33694A}.Release|Any CPU.Build.0 = Release|Any CPU
	EndGlobalSection
	GlobalSection(SolutionProperties) = preSolution
		HideSolutionNode = FALSE
	EndGlobalSection
	GlobalSection(ExtensibilityGlobals) = postSolution
		SolutionGuid = {F2121BB7-7D4F-4A4B-8D62-9F5A74DBBB46}
	EndGlobalSection
EndGlobal
